
Microsoft Visual Studio Solution File, Format Version 12.00
# Visual Studio Version 16
VisualStudioVersion = 16.0.29920.165
MinimumVisualStudioVersion = 10.0.40219.1
Project("{9A19103F-16F7-4668-BE54-9A1E7A4F7556}") = "SetYazilim", "SetYazilim\SetYazilim.csproj", "{8DEABDEA-F53C-44D1-ADE1-01E9DB407DF6}"
EndProject
Global
	GlobalSection(SolutionConfigurationPlatforms) = preSolution
		Debug|Any CPU = Debug|Any CPU
		Release|Any CPU = Release|Any CPU
	EndGlobalSection
	GlobalSection(ProjectConfigurationPlatforms) = postSolution
		{8DEABDEA-F53C-44D1-ADE1-01E9DB407DF6}.Debug|Any CPU.ActiveCfg = Debug|Any CPU
		{8DEABDEA-F53C-44D1-ADE1-01E9DB407DF6}.Debug|Any CPU.Build.0 = Debug|Any CPU
		{8DEABDEA-F53C-44D1-ADE1-01E9DB407DF6}.Release|Any CPU.ActiveCfg = Release|Any CPU
		{8DEABDEA-F53C-44D1-ADE1-01E9DB407DF6}.Release|Any CPU.Build.0 = Release|Any CPU
	EndGlobalSection
	GlobalSection(SolutionProperties) = preSolution
		HideSolutionNode = FALSE
	EndGlobalSection
	GlobalSection(ExtensibilityGlobals) = postSolution
		SolutionGuid = {2979544B-AA62-43ED-8ED8-7CF79010D29E}
	EndGlobalSection
EndGlobal
